// !$*UTF8*$!
{
	archiveVersion = 1;
	classes = {
	};
	objectVersion = 46;
	objects = {

/* Begin PBXBuildFile section */
		9330378A1D22184800A404F6 /* DetailPinViewController.swift in Sources */ = {isa = PBXBuildFile; fileRef = 933037891D22184800A404F6 /* DetailPinViewController.swift */; };
		935983601D3473D2009A92E7 /* PhotoCollectionViewCell.swift in Sources */ = {isa = PBXBuildFile; fileRef = 9359835F1D3473D2009A92E7 /* PhotoCollectionViewCell.swift */; };
		935983631D348024009A92E7 /* Model.xcdatamodeld in Sources */ = {isa = PBXBuildFile; fileRef = 935983611D348024009A92E7 /* Model.xcdatamodeld */; };
		93C355271D3AEF6A00BB0AE0 /* Photo+CoreDataProperties.swift in Sources */ = {isa = PBXBuildFile; fileRef = 93C355231D3AEF6A00BB0AE0 /* Photo+CoreDataProperties.swift */; };
		93C355281D3AEF6A00BB0AE0 /* Photo.swift in Sources */ = {isa = PBXBuildFile; fileRef = 93C355241D3AEF6A00BB0AE0 /* Photo.swift */; };
		93C355291D3AEF6A00BB0AE0 /* Pin+CoreDataProperties.swift in Sources */ = {isa = PBXBuildFile; fileRef = 93C355251D3AEF6A00BB0AE0 /* Pin+CoreDataProperties.swift */; };
		93C3552A1D3AEF6A00BB0AE0 /* Pin.swift in Sources */ = {isa = PBXBuildFile; fileRef = 93C355261D3AEF6A00BB0AE0 /* Pin.swift */; };
		93C355301D3B468F00BB0AE0 /* PhotoFrame+CoreDataProperties.swift in Sources */ = {isa = PBXBuildFile; fileRef = 93C3552C1D3B468F00BB0AE0 /* PhotoFrame+CoreDataProperties.swift */; };
		93C355311D3B468F00BB0AE0 /* PhotoFrame.swift in Sources */ = {isa = PBXBuildFile; fileRef = 93C3552D1D3B468F00BB0AE0 /* PhotoFrame.swift */; };
		93C355351D3B478900BB0AE0 /* CoreDataStack.swift in Sources */ = {isa = PBXBuildFile; fileRef = 93C355341D3B478900BB0AE0 /* CoreDataStack.swift */; };
		93D26F1C1D297496008F805C /* FlickrClient.swift in Sources */ = {isa = PBXBuildFile; fileRef = 93D26F1B1D297496008F805C /* FlickrClient.swift */; };
		93D26F1E1D29759A008F805C /* FlickrConstants.swift in Sources */ = {isa = PBXBuildFile; fileRef = 93D26F1D1D29759A008F805C /* FlickrConstants.swift */; };
		93D26F201D29896E008F805C /* FlickrConvenience.swift in Sources */ = {isa = PBXBuildFile; fileRef = 93D26F1F1D29896E008F805C /* FlickrConvenience.swift */; };
		93D8D0DB1D1CC19900BC5A78 /* AppDelegate.swift in Sources */ = {isa = PBXBuildFile; fileRef = 93D8D0DA1D1CC19900BC5A78 /* AppDelegate.swift */; };
		93D8D0DD1D1CC19900BC5A78 /* MapViewController.swift in Sources */ = {isa = PBXBuildFile; fileRef = 93D8D0DC1D1CC19900BC5A78 /* MapViewController.swift */; };
		93D8D0E01D1CC19900BC5A78 /* Main.storyboard in Resources */ = {isa = PBXBuildFile; fileRef = 93D8D0DE1D1CC19900BC5A78 /* Main.storyboard */; };
		93D8D0E21D1CC19900BC5A78 /* Assets.xcassets in Resources */ = {isa = PBXBuildFile; fileRef = 93D8D0E11D1CC19900BC5A78 /* Assets.xcassets */; };
		93D8D0E51D1CC19900BC5A78 /* LaunchScreen.storyboard in Resources */ = {isa = PBXBuildFile; fileRef = 93D8D0E31D1CC19900BC5A78 /* LaunchScreen.storyboard */; };
/* End PBXBuildFile section */

/* Begin PBXFileReference section */
		933037891D22184800A404F6 /* DetailPinViewController.swift */ = {isa = PBXFileReference; fileEncoding = 4; lastKnownFileType = sourcecode.swift; name = DetailPinViewController.swift; path = Controllers/DetailPinViewController.swift; sourceTree = "<group>"; };
		9359835F1D3473D2009A92E7 /* PhotoCollectionViewCell.swift */ = {isa = PBXFileReference; fileEncoding = 4; lastKnownFileType = sourcecode.swift; name = PhotoCollectionViewCell.swift; path = Views/PhotoCollectionViewCell.swift; sourceTree = "<group>"; };
		935983621D348024009A92E7 /* Model.xcdatamodel */ = {isa = PBXFileReference; lastKnownFileType = wrapper.xcdatamodel; path = Model.xcdatamodel; sourceTree = "<group>"; };
		93C355231D3AEF6A00BB0AE0 /* Photo+CoreDataProperties.swift */ = {isa = PBXFileReference; fileEncoding = 4; lastKnownFileType = sourcecode.swift; name = "Photo+CoreDataProperties.swift"; path = "Models/Photo+CoreDataProperties.swift"; sourceTree = "<group>"; };
		93C355241D3AEF6A00BB0AE0 /* Photo.swift */ = {isa = PBXFileReference; fileEncoding = 4; lastKnownFileType = sourcecode.swift; name = Photo.swift; path = Models/Photo.swift; sourceTree = "<group>"; };
		93C355251D3AEF6A00BB0AE0 /* Pin+CoreDataProperties.swift */ = {isa = PBXFileReference; fileEncoding = 4; lastKnownFileType = sourcecode.swift; name = "Pin+CoreDataProperties.swift"; path = "Models/Pin+CoreDataProperties.swift"; sourceTree = "<group>"; };
		93C355261D3AEF6A00BB0AE0 /* Pin.swift */ = {isa = PBXFileReference; fileEncoding = 4; lastKnownFileType = sourcecode.swift; name = Pin.swift; path = Models/Pin.swift; sourceTree = "<group>"; };
		93C3552C1D3B468F00BB0AE0 /* PhotoFrame+CoreDataProperties.swift */ = {isa = PBXFileReference; fileEncoding = 4; lastKnownFileType = sourcecode.swift; name = "PhotoFrame+CoreDataProperties.swift"; path = "Models/PhotoFrame+CoreDataProperties.swift"; sourceTree = "<group>"; };
		93C3552D1D3B468F00BB0AE0 /* PhotoFrame.swift */ = {isa = PBXFileReference; fileEncoding = 4; lastKnownFileType = sourcecode.swift; name = PhotoFrame.swift; path = Models/PhotoFrame.swift; sourceTree = "<group>"; };
		93C355341D3B478900BB0AE0 /* CoreDataStack.swift */ = {isa = PBXFileReference; fileEncoding = 4; lastKnownFileType = sourcecode.swift; path = CoreDataStack.swift; sourceTree = "<group>"; };
		93D26F1B1D297496008F805C /* FlickrClient.swift */ = {isa = PBXFileReference; fileEncoding = 4; lastKnownFileType = sourcecode.swift; name = FlickrClient.swift; path = Models/FlickrClient.swift; sourceTree = "<group>"; };
		93D26F1D1D29759A008F805C /* FlickrConstants.swift */ = {isa = PBXFileReference; fileEncoding = 4; lastKnownFileType = sourcecode.swift; name = FlickrConstants.swift; path = Models/FlickrConstants.swift; sourceTree = "<group>"; };
		93D26F1F1D29896E008F805C /* FlickrConvenience.swift */ = {isa = PBXFileReference; fileEncoding = 4; lastKnownFileType = sourcecode.swift; name = FlickrConvenience.swift; path = Models/FlickrConvenience.swift; sourceTree = "<group>"; };
		93D8D0D71D1CC19900BC5A78 /* virtualTourist.app */ = {isa = PBXFileReference; explicitFileType = wrapper.application; includeInIndex = 0; path = virtualTourist.app; sourceTree = BUILT_PRODUCTS_DIR; };
		93D8D0DA1D1CC19900BC5A78 /* AppDelegate.swift */ = {isa = PBXFileReference; lastKnownFileType = sourcecode.swift; path = AppDelegate.swift; sourceTree = "<group>"; };
		93D8D0DC1D1CC19900BC5A78 /* MapViewController.swift */ = {isa = PBXFileReference; lastKnownFileType = sourcecode.swift; path = MapViewController.swift; sourceTree = "<group>"; };
		93D8D0DF1D1CC19900BC5A78 /* Base */ = {isa = PBXFileReference; lastKnownFileType = file.storyboard; name = Base; path = Base.lproj/Main.storyboard; sourceTree = "<group>"; };
		93D8D0E11D1CC19900BC5A78 /* Assets.xcassets */ = {isa = PBXFileReference; lastKnownFileType = folder.assetcatalog; path = Assets.xcassets; sourceTree = "<group>"; };
		93D8D0E41D1CC19900BC5A78 /* Base */ = {isa = PBXFileReference; lastKnownFileType = file.storyboard; name = Base; path = Base.lproj/LaunchScreen.storyboard; sourceTree = "<group>"; };
		93D8D0E61D1CC19900BC5A78 /* Info.plist */ = {isa = PBXFileReference; lastKnownFileType = text.plist.xml; path = Info.plist; sourceTree = "<group>"; };
/* End PBXFileReference section */

/* Begin PBXFrameworksBuildPhase section */
		93D8D0D41D1CC19900BC5A78 /* Frameworks */ = {
			isa = PBXFrameworksBuildPhase;
			buildActionMask = 2147483647;
			files = (
			);
			runOnlyForDeploymentPostprocessing = 0;
		};
/* End PBXFrameworksBuildPhase section */

/* Begin PBXGroup section */
		933037881D22180D00A404F6 /* Controllers */ = {
			isa = PBXGroup;
			children = (
				933037891D22184800A404F6 /* DetailPinViewController.swift */,
				93D8D0DC1D1CC19900BC5A78 /* MapViewController.swift */,
			);
			name = Controllers;
			sourceTree = "<group>";
		};
		9359835E1D34735A009A92E7 /* Views */ = {
			isa = PBXGroup;
			children = (
				9359835F1D3473D2009A92E7 /* PhotoCollectionViewCell.swift */,
			);
			name = Views;
			sourceTree = "<group>";
		};
		93C3552B1D3AEF9000BB0AE0 /* DataModel */ = {
			isa = PBXGroup;
			children = (
				93C355341D3B478900BB0AE0 /* CoreDataStack.swift */,
				935983611D348024009A92E7 /* Model.xcdatamodeld */,
				93C355241D3AEF6A00BB0AE0 /* Photo.swift */,
				93C355231D3AEF6A00BB0AE0 /* Photo+CoreDataProperties.swift */,
				93C3552D1D3B468F00BB0AE0 /* PhotoFrame.swift */,
				93C3552C1D3B468F00BB0AE0 /* PhotoFrame+CoreDataProperties.swift */,
				93C355261D3AEF6A00BB0AE0 /* Pin.swift */,
				93C355251D3AEF6A00BB0AE0 /* Pin+CoreDataProperties.swift */,
			);
			name = DataModel;
			sourceTree = "<group>";
		};
		93D26F171D297436008F805C /* Assets */ = {
			isa = PBXGroup;
			children = (
				93D8D0DE1D1CC19900BC5A78 /* Main.storyboard */,
				93D8D0E31D1CC19900BC5A78 /* LaunchScreen.storyboard */,
				93D8D0E11D1CC19900BC5A78 /* Assets.xcassets */,
			);
			name = Assets;
			sourceTree = "<group>";
		};
		93D26F181D297455008F805C /* Models */ = {
			isa = PBXGroup;
			children = (
				93C3552B1D3AEF9000BB0AE0 /* DataModel */,
				93D26F191D29745E008F805C /* Flickr */,
			);
			name = Models;
			sourceTree = "<group>";
		};
		93D26F191D29745E008F805C /* Flickr */ = {
			isa = PBXGroup;
			children = (
				93D26F1B1D297496008F805C /* FlickrClient.swift */,
				93D26F1D1D29759A008F805C /* FlickrConstants.swift */,
				93D26F1F1D29896E008F805C /* FlickrConvenience.swift */,
			);
			name = Flickr;
			sourceTree = "<group>";
		};
		93D8D0CE1D1CC19800BC5A78 = {
			isa = PBXGroup;
			children = (
				93D8D0D91D1CC19900BC5A78 /* virtualTourist */,
				93D8D0D81D1CC19900BC5A78 /* Products */,
			);
			sourceTree = "<group>";
		};
		93D8D0D81D1CC19900BC5A78 /* Products */ = {
			isa = PBXGroup;
			children = (
				93D8D0D71D1CC19900BC5A78 /* virtualTourist.app */,
			);
			name = Products;
			sourceTree = "<group>";
		};
		93D8D0D91D1CC19900BC5A78 /* virtualTourist */ = {
			isa = PBXGroup;
			children = (
				93D8D0E61D1CC19900BC5A78 /* Info.plist */,
				93D8D0DA1D1CC19900BC5A78 /* AppDelegate.swift */,
				93D26F171D297436008F805C /* Assets */,
				933037881D22180D00A404F6 /* Controllers */,
				93D26F181D297455008F805C /* Models */,
				9359835E1D34735A009A92E7 /* Views */,
			);
			path = virtualTourist;
			sourceTree = "<group>";
		};
/* End PBXGroup section */

/* Begin PBXNativeTarget section */
		93D8D0D61D1CC19900BC5A78 /* virtualTourist */ = {
			isa = PBXNativeTarget;
			buildConfigurationList = 93D8D0E91D1CC19900BC5A78 /* Build configuration list for PBXNativeTarget "virtualTourist" */;
			buildPhases = (
				93D8D0D31D1CC19900BC5A78 /* Sources */,
				93D8D0D41D1CC19900BC5A78 /* Frameworks */,
				93D8D0D51D1CC19900BC5A78 /* Resources */,
			);
			buildRules = (
			);
			dependencies = (
			);
			name = virtualTourist;
			productName = virtualTourist;
			productReference = 93D8D0D71D1CC19900BC5A78 /* virtualTourist.app */;
			productType = "com.apple.product-type.application";
		};
/* End PBXNativeTarget section */

/* Begin PBXProject section */
		93D8D0CF1D1CC19800BC5A78 /* Project object */ = {
			isa = PBXProject;
			attributes = {
				LastSwiftUpdateCheck = 0730;
				LastUpgradeCheck = 0730;
				ORGANIZATIONNAME = "Rodrigo Astorga";
				TargetAttributes = {
					93D8D0D61D1CC19900BC5A78 = {
						CreatedOnToolsVersion = 7.3.1;
					};
				};
			};
			buildConfigurationList = 93D8D0D21D1CC19800BC5A78 /* Build configuration list for PBXProject "virtualTourist" */;
			compatibilityVersion = "Xcode 3.2";
			developmentRegion = English;
			hasScannedForEncodings = 0;
			knownRegions = (
				en,
				Base,
			);
			mainGroup = 93D8D0CE1D1CC19800BC5A78;
			productRefGroup = 93D8D0D81D1CC19900BC5A78 /* Products */;
			projectDirPath = "";
			projectRoot = "";
			targets = (
				93D8D0D61D1CC19900BC5A78 /* virtualTourist */,
			);
		};
/* End PBXProject section */

/* Begin PBXResourcesBuildPhase section */
		93D8D0D51D1CC19900BC5A78 /* Resources */ = {
			isa = PBXResourcesBuildPhase;
			buildActionMask = 2147483647;
			files = (
				93D8D0E51D1CC19900BC5A78 /* LaunchScreen.storyboard in Resources */,
				93D8D0E21D1CC19900BC5A78 /* Assets.xcassets in Resources */,
				93D8D0E01D1CC19900BC5A78 /* Main.storyboard in Resources */,
			);
			runOnlyForDeploymentPostprocessing = 0;
		};
/* End PBXResourcesBuildPhase section */

/* Begin PBXSourcesBuildPhase section */
		93D8D0D31D1CC19900BC5A78 /* Sources */ = {
			isa = PBXSourcesBuildPhase;
			buildActionMask = 2147483647;
			files = (
				93C355351D3B478900BB0AE0 /* CoreDataStack.swift in Sources */,
				93D8D0DD1D1CC19900BC5A78 /* MapViewController.swift in Sources */,
				93D26F1E1D29759A008F805C /* FlickrConstants.swift in Sources */,
				93D26F201D29896E008F805C /* FlickrConvenience.swift in Sources */,
				93C355301D3B468F00BB0AE0 /* PhotoFrame+CoreDataProperties.swift in Sources */,
				93C3552A1D3AEF6A00BB0AE0 /* Pin.swift in Sources */,
				93C355291D3AEF6A00BB0AE0 /* Pin+CoreDataProperties.swift in Sources */,
				935983631D348024009A92E7 /* Model.xcdatamodeld in Sources */,
				93C355281D3AEF6A00BB0AE0 /* Photo.swift in Sources */,
				93C355311D3B468F00BB0AE0 /* PhotoFrame.swift in Sources */,
				9330378A1D22184800A404F6 /* DetailPinViewController.swift in Sources */,
				935983601D3473D2009A92E7 /* PhotoCollectionViewCell.swift in Sources */,
				93C355271D3AEF6A00BB0AE0 /* Photo+CoreDataProperties.swift in Sources */,
				93D8D0DB1D1CC19900BC5A78 /* AppDelegate.swift in Sources */,
				93D26F1C1D297496008F805C /* FlickrClient.swift in Sources */,
			);
			runOnlyForDeploymentPostprocessing = 0;
		};
/* End PBXSourcesBuildPhase section */

/* Begin PBXVariantGroup section */
		93D8D0DE1D1CC19900BC5A78 /* Main.storyboard */ = {
			isa = PBXVariantGroup;
			children = (
				93D8D0DF1D1CC19900BC5A78 /* Base */,
			);
			name = Main.storyboard;
			sourceTree = "<group>";
		};
		93D8D0E31D1CC19900BC5A78 /* LaunchScreen.storyboard */ = {
			isa = PBXVariantGroup;
			children = (
				93D8D0E41D1CC19900BC5A78 /* Base */,
			);
			name = LaunchScreen.storyboard;
			sourceTree = "<group>";
		};
/* End PBXVariantGroup section */

/* Begin XCBuildConfiguration section */
		93D8D0E71D1CC19900BC5A78 /* Debug */ = {
			isa = XCBuildConfiguration;
			buildSettings = {
				ALWAYS_SEARCH_USER_PATHS = NO;
				CLANG_ANALYZER_NONNULL = YES;
				CLANG_CXX_LANGUAGE_STANDARD = "gnu++0x";
				CLANG_CXX_LIBRARY = "libc++";
				CLANG_ENABLE_MODULES = YES;
				CLANG_ENABLE_OBJC_ARC = YES;
				CLANG_WARN_BOOL_CONVERSION = YES;
				CLANG_WARN_CONSTANT_CONVERSION = YES;
				CLANG_WARN_DIRECT_OBJC_ISA_USAGE = YES_ERROR;
				CLANG_WARN_EMPTY_BODY = YES;
				CLANG_WARN_ENUM_CONVERSION = YES;
				CLANG_WARN_INT_CONVERSION = YES;
				CLANG_WARN_OBJC_ROOT_CLASS = YES_ERROR;
				CLANG_WARN_UNREACHABLE_CODE = YES;
				CLANG_WARN__DUPLICATE_METHOD_MATCH = YES;
				"CODE_SIGN_IDENTITY[sdk=iphoneos*]" = "iPhone Developer";
				COPY_PHASE_STRIP = NO;
				DEBUG_INFORMATION_FORMAT = dwarf;
				ENABLE_STRICT_OBJC_MSGSEND = YES;
				ENABLE_TESTABILITY = YES;
				GCC_C_LANGUAGE_STANDARD = gnu99;
				GCC_DYNAMIC_NO_PIC = NO;
				GCC_NO_COMMON_BLOCKS = YES;
				GCC_OPTIMIZATION_LEVEL = 0;
				GCC_PREPROCESSOR_DEFINITIONS = (
					"DEBUG=1",
					"$(inherited)",
				);
				GCC_WARN_64_TO_32_BIT_CONVERSION = YES;
				GCC_WARN_ABOUT_RETURN_TYPE = YES_ERROR;
				GCC_WARN_UNDECLARED_SELECTOR = YES;
				GCC_WARN_UNINITIALIZED_AUTOS = YES_AGGRESSIVE;
				GCC_WARN_UNUSED_FUNCTION = YES;
				GCC_WARN_UNUSED_VARIABLE = YES;
				IPHONEOS_DEPLOYMENT_TARGET = 9.3;
				MTL_ENABLE_DEBUG_INFO = YES;
				ONLY_ACTIVE_ARCH = YES;
				SDKROOT = iphoneos;
				SWIFT_OPTIMIZATION_LEVEL = "-Onone";
			};
			name = Debug;
		};
		93D8D0E81D1CC19900BC5A78 /* Release */ = {
			isa = XCBuildConfiguration;
			buildSettings = {
				ALWAYS_SEARCH_USER_PATHS = NO;
				CLANG_ANALYZER_NONNULL = YES;
				CLANG_CXX_LANGUAGE_STANDARD = "gnu++0x";
				CLANG_CXX_LIBRARY = "libc++";
				CLANG_ENABLE_MODULES = YES;
				CLANG_ENABLE_OBJC_ARC = YES;
				CLANG_WARN_BOOL_CONVERSION = YES;
				CLANG_WARN_CONSTANT_CONVERSION = YES;
				CLANG_WARN_DIRECT_OBJC_ISA_USAGE = YES_ERROR;
				CLANG_WARN_EMPTY_BODY = YES;
				CLANG_WARN_ENUM_CONVERSION = YES;
				CLANG_WARN_INT_CONVERSION = YES;
				CLANG_WARN_OBJC_ROOT_CLASS = YES_ERROR;
				CLANG_WARN_UNREACHABLE_CODE = YES;
				CLANG_WARN__DUPLICATE_METHOD_MATCH = YES;
				"CODE_SIGN_IDENTITY[sdk=iphoneos*]" = "iPhone Developer";
				COPY_PHASE_STRIP = NO;
				DEBUG_INFORMATION_FORMAT = "dwarf-with-dsym";
				ENABLE_NS_ASSERTIONS = NO;
				ENABLE_STRICT_OBJC_MSGSEND = YES;
				GCC_C_LANGUAGE_STANDARD = gnu99;
				GCC_NO_COMMON_BLOCKS = YES;
				GCC_WARN_64_TO_32_BIT_CONVERSION = YES;
				GCC_WARN_ABOUT_RETURN_TYPE = YES_ERROR;
				GCC_WARN_UNDECLARED_SELECTOR = YES;
				GCC_WARN_UNINITIALIZED_AUTOS = YES_AGGRESSIVE;
				GCC_WARN_UNUSED_FUNCTION = YES;
				GCC_WARN_UNUSED_VARIABLE = YES;
				IPHONEOS_DEPLOYMENT_TARGET = 9.3;
				MTL_ENABLE_DEBUG_INFO = NO;
				SDKROOT = iphoneos;
				VALIDATE_PRODUCT = YES;
			};
			name = Release;
		};
		93D8D0EA1D1CC19900BC5A78 /* Debug */ = {
			isa = XCBuildConfiguration;
			buildSettings = {
				ASSETCATALOG_COMPILER_APPICON_NAME = AppIcon;
				INFOPLIST_FILE = virtualTourist/Info.plist;
				LD_RUNPATH_SEARCH_PATHS = "$(inherited) @executable_path/Frameworks";
				PRODUCT_BUNDLE_IDENTIFIER = com.solu4b.virtualTourist;
				PRODUCT_NAME = "$(TARGET_NAME)";
			};
			name = Debug;
		};
		93D8D0EB1D1CC19900BC5A78 /* Release */ = {
			isa = XCBuildConfiguration;
			buildSettings = {
				ASSETCATALOG_COMPILER_APPICON_NAME = AppIcon;
				INFOPLIST_FILE = virtualTourist/Info.plist;
				LD_RUNPATH_SEARCH_PATHS = "$(inherited) @executable_path/Frameworks";
				PRODUCT_BUNDLE_IDENTIFIER = com.solu4b.virtualTourist;
				PRODUCT_NAME = "$(TARGET_NAME)";
			};
			name = Release;
		};
/* End XCBuildConfiguration section */

/* Begin XCConfigurationList section */
		93D8D0D21D1CC19800BC5A78 /* Build configuration list for PBXProject "virtualTourist" */ = {
			isa = XCConfigurationList;
			buildConfigurations = (
				93D8D0E71D1CC19900BC5A78 /* Debug */,
				93D8D0E81D1CC19900BC5A78 /* Release */,
			);
			defaultConfigurationIsVisible = 0;
			defaultConfigurationName = Release;
		};
		93D8D0E91D1CC19900BC5A78 /* Build configuration list for PBXNativeTarget "virtualTourist" */ = {
			isa = XCConfigurationList;
			buildConfigurations = (
				93D8D0EA1D1CC19900BC5A78 /* Debug */,
				93D8D0EB1D1CC19900BC5A78 /* Release */,
			);
			defaultConfigurationIsVisible = 0;
			defaultConfigurationName = Release;
		};
/* End XCConfigurationList section */

/* Begin XCVersionGroup section */
		935983611D348024009A92E7 /* Model.xcdatamodeld */ = {
			isa = XCVersionGroup;
			children = (
				935983621D348024009A92E7 /* Model.xcdatamodel */,
			);
			currentVersion = 935983621D348024009A92E7 /* Model.xcdatamodel */;
			name = Model.xcdatamodeld;
			path = Models/Model.xcdatamodeld;
			sourceTree = "<group>";
			versionGroupType = wrapper.xcdatamodel;
		};
/* End XCVersionGroup section */
	};
	rootObject = 93D8D0CF1D1CC19800BC5A78 /* Project object */;
}
